// !$*UTF8*$!
{
	archiveVersion = 1;
	classes = {
	};
	objectVersion = 46;
	objects = {

/* Begin PBXBuildFile section */
		4300D65A185726BC00D8F7CE /* libovr.a in Frameworks */ = {isa = PBXBuildFile; fileRef = 4300D6581857190200D8F7CE /* libovr.a */; };
		4300D65C185728E800D8F7CE /* CoreFoundation.framework in Frameworks */ = {isa = PBXBuildFile; fileRef = 4300D65B185728E800D8F7CE /* CoreFoundation.framework */; };
		4300D65E185728F200D8F7CE /* ApplicationServices.framework in Frameworks */ = {isa = PBXBuildFile; fileRef = 4300D65D185728F200D8F7CE /* ApplicationServices.framework */; };
		4300D660185728FD00D8F7CE /* IOKit.framework in Frameworks */ = {isa = PBXBuildFile; fileRef = 4300D65F185728FD00D8F7CE /* IOKit.framework */; };
		4300D6621857290400D8F7CE /* Cocoa.framework in Frameworks */ = {isa = PBXBuildFile; fileRef = 4300D6611857290400D8F7CE /* Cocoa.framework */; };
		432F337D18306BD7001016B4 /* OpenGL.framework in Frameworks */ = {isa = PBXBuildFile; fileRef = 432F337C18306BD7001016B4 /* OpenGL.framework */; settings = {ATTRIBUTES = (Required, ); }; };
		433875141832A48900133FB0 /* lmocShader.frag in Resources */ = {isa = PBXBuildFile; fileRef = 433875101832A48900133FB0 /* lmocShader.frag */; };
		433875151832A48900133FB0 /* lmocShader.vert in Resources */ = {isa = PBXBuildFile; fileRef = 433875111832A48900133FB0 /* lmocShader.vert */; };
		4338751B1832AC8700133FB0 /* Matrices.cpp in Sources */ = {isa = PBXBuildFile; fileRef = 433875191832AC8700133FB0 /* Matrices.cpp */; };
		4338751F1832BD8000133FB0 /* fingerTex.png in Resources */ = {isa = PBXBuildFile; fileRef = 4338751D1832BD8000133FB0 /* fingerTex.png */; };
		433875201832BD8000133FB0 /* palmTex.png in Resources */ = {isa = PBXBuildFile; fileRef = 4338751E1832BD8000133FB0 /* palmTex.png */; };
		4376140A1884C4AE009F80C7 /* CamOVR.cpp in Sources */ = {isa = PBXBuildFile; fileRef = 437614081884C4AE009F80C7 /* CamOVR.cpp */; };
		438B0F3B1886B7410064D010 /* postShader.frag in Resources */ = {isa = PBXBuildFile; fileRef = 438B0F391886B7410064D010 /* postShader.frag */; };
		438B0F3C1886B7410064D010 /* postShader.vert in Resources */ = {isa = PBXBuildFile; fileRef = 438B0F3A1886B7410064D010 /* postShader.vert */; };
		43BAAA511832741600DAAADF /* cute_image.jpg in Resources */ = {isa = PBXBuildFile; fileRef = 43BAAA411832741600DAAADF /* cute_image.jpg */; };
		43BAAA521832741600DAAADF /* fingertip.obj in Resources */ = {isa = PBXBuildFile; fileRef = 43BAAA421832741600DAAADF /* fingertip.obj */; };
		43BAAA531832741600DAAADF /* Gbuffer.fsh in Resources */ = {isa = PBXBuildFile; fileRef = 43BAAA431832741600DAAADF /* Gbuffer.fsh */; };
		43BAAA541832741600DAAADF /* Gbuffer.vsh in Resources */ = {isa = PBXBuildFile; fileRef = 43BAAA441832741600DAAADF /* Gbuffer.vsh */; };
		43BAAA551832741600DAAADF /* icon.png in Resources */ = {isa = PBXBuildFile; fileRef = 43BAAA451832741600DAAADF /* icon.png */; };
		43BAAA561832741600DAAADF /* keyboard.obj in Resources */ = {isa = PBXBuildFile; fileRef = 43BAAA461832741600DAAADF /* keyboard.obj */; };
		43BAAA571832741600DAAADF /* keyboardTex.png in Resources */ = {isa = PBXBuildFile; fileRef = 43BAAA471832741600DAAADF /* keyboardTex.png */; };
		43BAAA581832741600DAAADF /* keyboardTexCaps.png in Resources */ = {isa = PBXBuildFile; fileRef = 43BAAA481832741600DAAADF /* keyboardTexCaps.png */; };
		43BAAA5B1832741600DAAADF /* nice_music.ogg in Resources */ = {isa = PBXBuildFile; fileRef = 43BAAA4B1832741600DAAADF /* nice_music.ogg */; };
		43BAAA5C1832741600DAAADF /* palm.obj in Resources */ = {isa = PBXBuildFile; fileRef = 43BAAA4C1832741600DAAADF /* palm.obj */; };
		43BAAA5D1832741600DAAADF /* sansation.ttf in Resources */ = {isa = PBXBuildFile; fileRef = 43BAAA4D1832741600DAAADF /* sansation.ttf */; };
		43BAAA601832741600DAAADF /* stan0757.ttf in Resources */ = {isa = PBXBuildFile; fileRef = 43BAAA501832741600DAAADF /* stan0757.ttf */; };
		43BAAA6E1832744700DAAADF /* Cam.cpp in Sources */ = {isa = PBXBuildFile; fileRef = 43BAAA611832744700DAAADF /* Cam.cpp */; };
		43BAAA6F1832744700DAAADF /* LeapListener.cpp in Sources */ = {isa = PBXBuildFile; fileRef = 43BAAA641832744700DAAADF /* LeapListener.cpp */; };
		43BAAA701832744700DAAADF /* LMOC.cpp in Sources */ = {isa = PBXBuildFile; fileRef = 43BAAA671832744700DAAADF /* LMOC.cpp */; };
		43BAAA711832744700DAAADF /* main.cpp in Sources */ = {isa = PBXBuildFile; fileRef = 43BAAA691832744700DAAADF /* main.cpp */; };
		43BAAA731832744700DAAADF /* ResourcePath.mm in Sources */ = {isa = PBXBuildFile; fileRef = 43BAAA6D1832744700DAAADF /* ResourcePath.mm */; };
		43BAAA771832764900DAAADF /* libLeap.dylib in Frameworks */ = {isa = PBXBuildFile; fileRef = 43BAAA741832753B00DAAADF /* libLeap.dylib */; };
		43E3B6BE18605BCF0038FC75 /* Shader.cpp in Sources */ = {isa = PBXBuildFile; fileRef = 43E3B6BC18605BCF0038FC75 /* Shader.cpp */; };
/* End PBXBuildFile section */

/* Begin PBXFileReference section */
		4300D6581857190200D8F7CE /* libovr.a */ = {isa = PBXFileReference; lastKnownFileType = archive.ar; name = libovr.a; path = Libs/ovr_sdk_macos_0.2.5c/OculusSDK/LibOVR/Lib/MacOS/Debug/libovr.a; sourceTree = "<group>"; };
		4300D65B185728E800D8F7CE /* CoreFoundation.framework */ = {isa = PBXFileReference; lastKnownFileType = wrapper.framework; name = CoreFoundation.framework; path = System/Library/Frameworks/CoreFoundation.framework; sourceTree = SDKROOT; };
		4300D65D185728F200D8F7CE /* ApplicationServices.framework */ = {isa = PBXFileReference; lastKnownFileType = wrapper.framework; name = ApplicationServices.framework; path = System/Library/Frameworks/ApplicationServices.framework; sourceTree = SDKROOT; };
		4300D65F185728FD00D8F7CE /* IOKit.framework */ = {isa = PBXFileReference; lastKnownFileType = wrapper.framework; name = IOKit.framework; path = System/Library/Frameworks/IOKit.framework; sourceTree = SDKROOT; };
		4300D6611857290400D8F7CE /* Cocoa.framework */ = {isa = PBXFileReference; lastKnownFileType = wrapper.framework; name = Cocoa.framework; path = System/Library/Frameworks/Cocoa.framework; sourceTree = SDKROOT; };
		432F337C18306BD7001016B4 /* OpenGL.framework */ = {isa = PBXFileReference; lastKnownFileType = wrapper.framework; name = OpenGL.framework; path = System/Library/Frameworks/OpenGL.framework; sourceTree = SDKROOT; };
		433875101832A48900133FB0 /* lmocShader.frag */ = {isa = PBXFileReference; fileEncoding = 4; lastKnownFileType = sourcecode.glsl; name = lmocShader.frag; path = assets/lmocShader.frag; sourceTree = "<group>"; };
		433875111832A48900133FB0 /* lmocShader.vert */ = {isa = PBXFileReference; fileEncoding = 4; lastKnownFileType = sourcecode.glsl; name = lmocShader.vert; path = assets/lmocShader.vert; sourceTree = "<group>"; };
		433875191832AC8700133FB0 /* Matrices.cpp */ = {isa = PBXFileReference; fileEncoding = 4; lastKnownFileType = sourcecode.cpp.cpp; name = Matrices.cpp; path = source/Matrices.cpp; sourceTree = "<group>"; };
		4338751A1832AC8700133FB0 /* Matrices.h */ = {isa = PBXFileReference; fileEncoding = 4; lastKnownFileType = sourcecode.c.h; name = Matrices.h; path = source/Matrices.h; sourceTree = "<group>"; };
		4338751C1832B9CA00133FB0 /* Vectors.h */ = {isa = PBXFileReference; fileEncoding = 4; lastKnownFileType = sourcecode.c.h; name = Vectors.h; path = source/Vectors.h; sourceTree = "<group>"; };
		4338751D1832BD8000133FB0 /* fingerTex.png */ = {isa = PBXFileReference; lastKnownFileType = image.png; name = fingerTex.png; path = assets/fingerTex.png; sourceTree = "<group>"; };
		4338751E1832BD8000133FB0 /* palmTex.png */ = {isa = PBXFileReference; lastKnownFileType = image.png; name = palmTex.png; path = assets/palmTex.png; sourceTree = "<group>"; };
		43539FDF186CF0C500A115D1 /* ran.h */ = {isa = PBXFileReference; lastKnownFileType = sourcecode.c.h; path = ran.h; sourceTree = "<group>"; };
		437614081884C4AE009F80C7 /* CamOVR.cpp */ = {isa = PBXFileReference; fileEncoding = 4; lastKnownFileType = sourcecode.cpp.cpp; path = CamOVR.cpp; sourceTree = "<group>"; };
		437614091884C4AE009F80C7 /* CamOVR.h */ = {isa = PBXFileReference; fileEncoding = 4; lastKnownFileType = sourcecode.c.h; path = CamOVR.h; sourceTree = "<group>"; };
		438B0F391886B7410064D010 /* postShader.frag */ = {isa = PBXFileReference; fileEncoding = 4; lastKnownFileType = sourcecode.glsl; name = postShader.frag; path = assets/postShader.frag; sourceTree = "<group>"; };
		438B0F3A1886B7410064D010 /* postShader.vert */ = {isa = PBXFileReference; fileEncoding = 4; lastKnownFileType = sourcecode.glsl; name = postShader.vert; path = assets/postShader.vert; sourceTree = "<group>"; };
		43A7E8F618228B6C00710A8C /* LeapMotionOculusKeyboard.app */ = {isa = PBXFileReference; explicitFileType = wrapper.application; includeInIndex = 0; path = LeapMotionOculusKeyboard.app; sourceTree = BUILT_PRODUCTS_DIR; };
		43A7E8FA18228B6C00710A8C /* LeapMotionOculusKeyboard-Info.plist */ = {isa = PBXFileReference; lastKnownFileType = text.plist.xml; path = "LeapMotionOculusKeyboard-Info.plist"; sourceTree = "<group>"; };
		43BAAA411832741600DAAADF /* cute_image.jpg */ = {isa = PBXFileReference; lastKnownFileType = image.jpeg; name = cute_image.jpg; path = assets/cute_image.jpg; sourceTree = "<group>"; };
		43BAAA421832741600DAAADF /* fingertip.obj */ = {isa = PBXFileReference; fileEncoding = 4; lastKnownFileType = text; name = fingertip.obj; path = assets/fingertip.obj; sourceTree = "<group>"; };
		43BAAA431832741600DAAADF /* Gbuffer.fsh */ = {isa = PBXFileReference; fileEncoding = 4; lastKnownFileType = sourcecode.glsl; name = Gbuffer.fsh; path = assets/Gbuffer.fsh; sourceTree = "<group>"; };
		43BAAA441832741600DAAADF /* Gbuffer.vsh */ = {isa = PBXFileReference; fileEncoding = 4; lastKnownFileType = sourcecode.glsl; name = Gbuffer.vsh; path = assets/Gbuffer.vsh; sourceTree = "<group>"; };
		43BAAA451832741600DAAADF /* icon.png */ = {isa = PBXFileReference; lastKnownFileType = image.png; name = icon.png; path = assets/icon.png; sourceTree = "<group>"; };
		43BAAA461832741600DAAADF /* keyboard.obj */ = {isa = PBXFileReference; fileEncoding = 4; lastKnownFileType = text; name = keyboard.obj; path = assets/keyboard.obj; sourceTree = "<group>"; };
		43BAAA471832741600DAAADF /* keyboardTex.png */ = {isa = PBXFileReference; lastKnownFileType = image.png; name = keyboardTex.png; path = assets/keyboardTex.png; sourceTree = "<group>"; };
		43BAAA481832741600DAAADF /* keyboardTexCaps.png */ = {isa = PBXFileReference; lastKnownFileType = image.png; name = keyboardTexCaps.png; path = assets/keyboardTexCaps.png; sourceTree = "<group>"; };
		43BAAA4B1832741600DAAADF /* nice_music.ogg */ = {isa = PBXFileReference; lastKnownFileType = file; name = nice_music.ogg; path = assets/nice_music.ogg; sourceTree = "<group>"; };
		43BAAA4C1832741600DAAADF /* palm.obj */ = {isa = PBXFileReference; fileEncoding = 4; lastKnownFileType = text; name = palm.obj; path = assets/palm.obj; sourceTree = "<group>"; };
		43BAAA4D1832741600DAAADF /* sansation.ttf */ = {isa = PBXFileReference; lastKnownFileType = file; name = sansation.ttf; path = assets/sansation.ttf; sourceTree = "<group>"; };
		43BAAA501832741600DAAADF /* stan0757.ttf */ = {isa = PBXFileReference; lastKnownFileType = file; name = stan0757.ttf; path = assets/stan0757.ttf; sourceTree = "<group>"; };
		43BAAA611832744700DAAADF /* Cam.cpp */ = {isa = PBXFileReference; fileEncoding = 4; lastKnownFileType = sourcecode.cpp.cpp; name = Cam.cpp; path = source/Cam.cpp; sourceTree = "<group>"; };
		43BAAA621832744700DAAADF /* Cam.h */ = {isa = PBXFileReference; fileEncoding = 4; lastKnownFileType = sourcecode.c.h; name = Cam.h; path = source/Cam.h; sourceTree = "<group>"; };
		43BAAA631832744700DAAADF /* Leap.h */ = {isa = PBXFileReference; fileEncoding = 4; lastKnownFileType = sourcecode.c.h; name = Leap.h; path = source/Leap.h; sourceTree = "<group>"; };
		43BAAA641832744700DAAADF /* LeapListener.cpp */ = {isa = PBXFileReference; fileEncoding = 4; lastKnownFileType = sourcecode.cpp.cpp; name = LeapListener.cpp; path = source/LeapListener.cpp; sourceTree = "<group>"; };
		43BAAA651832744700DAAADF /* LeapListener.h */ = {isa = PBXFileReference; fileEncoding = 4; lastKnownFileType = sourcecode.c.h; name = LeapListener.h; path = source/LeapListener.h; sourceTree = "<group>"; };
		43BAAA661832744700DAAADF /* LeapMath.h */ = {isa = PBXFileReference; fileEncoding = 4; lastKnownFileType = sourcecode.c.h; name = LeapMath.h; path = source/LeapMath.h; sourceTree = "<group>"; };
		43BAAA671832744700DAAADF /* LMOC.cpp */ = {isa = PBXFileReference; fileEncoding = 4; lastKnownFileType = sourcecode.cpp.cpp; name = LMOC.cpp; path = source/LMOC.cpp; sourceTree = "<group>"; };
		43BAAA681832744700DAAADF /* LMOC.h */ = {isa = PBXFileReference; fileEncoding = 4; lastKnownFileType = sourcecode.c.h; name = LMOC.h; path = source/LMOC.h; sourceTree = "<group>"; };
		43BAAA691832744700DAAADF /* main.cpp */ = {isa = PBXFileReference; fileEncoding = 4; lastKnownFileType = sourcecode.cpp.cpp; name = main.cpp; path = source/main.cpp; sourceTree = "<group>"; };
		43BAAA6B1832744700DAAADF /* ResourcePath.h */ = {isa = PBXFileReference; fileEncoding = 4; lastKnownFileType = sourcecode.c.h; name = ResourcePath.h; path = source/ResourcePath.h; sourceTree = "<group>"; };
		43BAAA6C1832744700DAAADF /* ResourcePath.hpp */ = {isa = PBXFileReference; fileEncoding = 4; lastKnownFileType = sourcecode.cpp.h; name = ResourcePath.hpp; path = source/ResourcePath.hpp; sourceTree = "<group>"; };
		43BAAA6D1832744700DAAADF /* ResourcePath.mm */ = {isa = PBXFileReference; fileEncoding = 4; lastKnownFileType = sourcecode.cpp.objcpp; name = ResourcePath.mm; path = source/ResourcePath.mm; sourceTree = "<group>"; };
		43BAAA741832753B00DAAADF /* libLeap.dylib */ = {isa = PBXFileReference; lastKnownFileType = "compiled.mach-o.dylib"; name = libLeap.dylib; path = "Libs/LeapDeveloperKit_release_mac_1.0.8+7665/LeapSDK/lib/libc++/libLeap.dylib"; sourceTree = "<group>"; };
		43E3B6BC18605BCF0038FC75 /* Shader.cpp */ = {isa = PBXFileReference; fileEncoding = 4; lastKnownFileType = sourcecode.cpp.cpp; name = Shader.cpp; path = source/Shader.cpp; sourceTree = "<group>"; };
		43E3B6BD18605BCF0038FC75 /* Shader.h */ = {isa = PBXFileReference; fileEncoding = 4; lastKnownFileType = sourcecode.c.h; name = Shader.h; path = source/Shader.h; sourceTree = "<group>"; };
/* End PBXFileReference section */

/* Begin PBXFrameworksBuildPhase section */
		43A7E8F218228B6C00710A8C /* Frameworks */ = {
			isa = PBXFrameworksBuildPhase;
			buildActionMask = 2147483647;
			files = (
				4300D6621857290400D8F7CE /* Cocoa.framework in Frameworks */,
				4300D660185728FD00D8F7CE /* IOKit.framework in Frameworks */,
				4300D65E185728F200D8F7CE /* ApplicationServices.framework in Frameworks */,
				4300D65C185728E800D8F7CE /* CoreFoundation.framework in Frameworks */,
				4300D65A185726BC00D8F7CE /* libovr.a in Frameworks */,
				43BAAA771832764900DAAADF /* libLeap.dylib in Frameworks */,
				432F337D18306BD7001016B4 /* OpenGL.framework in Frameworks */,
			);
			runOnlyForDeploymentPostprocessing = 0;
		};
/* End PBXFrameworksBuildPhase section */

/* Begin PBXGroup section */
		431DCF361827CA2E005094A5 /* LeapStuff */ = {
			isa = PBXGroup;
			children = (
				43BAAA631832744700DAAADF /* Leap.h */,
				43BAAA641832744700DAAADF /* LeapListener.cpp */,
				43BAAA661832744700DAAADF /* LeapMath.h */,
				43BAAA651832744700DAAADF /* LeapListener.h */,
			);
			name = LeapStuff;
			sourceTree = "<group>";
		};
		43A7E8EC18228B6C00710A8C = {
			isa = PBXGroup;
			children = (
				4300D6611857290400D8F7CE /* Cocoa.framework */,
				4300D65F185728FD00D8F7CE /* IOKit.framework */,
				4300D65D185728F200D8F7CE /* ApplicationServices.framework */,
				4300D65B185728E800D8F7CE /* CoreFoundation.framework */,
				4300D6581857190200D8F7CE /* libovr.a */,
				43BAAA741832753B00DAAADF /* libLeap.dylib */,
				432F337C18306BD7001016B4 /* OpenGL.framework */,
				43A7E8F818228B6C00710A8C /* LeapMotionOculusKeyboard */,
				43A7E8F718228B6C00710A8C /* Products */,
			);
			sourceTree = "<group>";
		};
		43A7E8F718228B6C00710A8C /* Products */ = {
			isa = PBXGroup;
			children = (
				43A7E8F618228B6C00710A8C /* LeapMotionOculusKeyboard.app */,
			);
			name = Products;
			sourceTree = "<group>";
		};
		43A7E8F818228B6C00710A8C /* LeapMotionOculusKeyboard */ = {
			isa = PBXGroup;
			children = (
				43DD4EF2182DD8E7005DA23B /* System */,
				431DCF361827CA2E005094A5 /* LeapStuff */,
				43A7E90018228B6C00710A8C /* Resources */,
				43A7E8F918228B6C00710A8C /* Supporting Files */,
			);
			path = LeapMotionOculusKeyboard;
			sourceTree = "<group>";
		};
		43A7E8F918228B6C00710A8C /* Supporting Files */ = {
			isa = PBXGroup;
			children = (
				43A7E8FA18228B6C00710A8C /* LeapMotionOculusKeyboard-Info.plist */,
			);
			name = "Supporting Files";
			sourceTree = "<group>";
		};
		43A7E90018228B6C00710A8C /* Resources */ = {
			isa = PBXGroup;
			children = (
				438B0F391886B7410064D010 /* postShader.frag */,
				438B0F3A1886B7410064D010 /* postShader.vert */,
				4338751D1832BD8000133FB0 /* fingerTex.png */,
				4338751E1832BD8000133FB0 /* palmTex.png */,
				433875101832A48900133FB0 /* lmocShader.frag */,
				433875111832A48900133FB0 /* lmocShader.vert */,
				43BAAA411832741600DAAADF /* cute_image.jpg */,
				43BAAA421832741600DAAADF /* fingertip.obj */,
				43BAAA431832741600DAAADF /* Gbuffer.fsh */,
				43BAAA441832741600DAAADF /* Gbuffer.vsh */,
				43BAAA451832741600DAAADF /* icon.png */,
				43BAAA461832741600DAAADF /* keyboard.obj */,
				43BAAA471832741600DAAADF /* keyboardTex.png */,
				43BAAA481832741600DAAADF /* keyboardTexCaps.png */,
				43BAAA4B1832741600DAAADF /* nice_music.ogg */,
				43BAAA4C1832741600DAAADF /* palm.obj */,
				43BAAA4D1832741600DAAADF /* sansation.ttf */,
				43BAAA501832741600DAAADF /* stan0757.ttf */,
			);
			name = Resources;
			sourceTree = "<group>";
		};
		43DD4EF2182DD8E7005DA23B /* System */ = {
			isa = PBXGroup;
			children = (
				43539FDF186CF0C500A115D1 /* ran.h */,
				43E3B6BC18605BCF0038FC75 /* Shader.cpp */,
				43E3B6BD18605BCF0038FC75 /* Shader.h */,
				4338751C1832B9CA00133FB0 /* Vectors.h */,
				433875191832AC8700133FB0 /* Matrices.cpp */,
				4338751A1832AC8700133FB0 /* Matrices.h */,
				43BAAA611832744700DAAADF /* Cam.cpp */,
				43BAAA621832744700DAAADF /* Cam.h */,
				437614081884C4AE009F80C7 /* CamOVR.cpp */,
				437614091884C4AE009F80C7 /* CamOVR.h */,
				43BAAA671832744700DAAADF /* LMOC.cpp */,
				43BAAA681832744700DAAADF /* LMOC.h */,
				43BAAA691832744700DAAADF /* main.cpp */,
				43BAAA6B1832744700DAAADF /* ResourcePath.h */,
				43BAAA6C1832744700DAAADF /* ResourcePath.hpp */,
				43BAAA6D1832744700DAAADF /* ResourcePath.mm */,
			);
			name = System;
			sourceTree = "<group>";
		};
/* End PBXGroup section */

/* Begin PBXNativeTarget section */
		43A7E8F518228B6C00710A8C /* LeapMotionOculusKeyboard */ = {
			isa = PBXNativeTarget;
			buildConfigurationList = 43A7E90B18228B6C00710A8C /* Build configuration list for PBXNativeTarget "LeapMotionOculusKeyboard" */;
			buildPhases = (
				43A7E8F118228B6C00710A8C /* Sources */,
				43A7E8F218228B6C00710A8C /* Frameworks */,
				43A7E8F318228B6C00710A8C /* Resources */,
				43A7E8F418228B6C00710A8C /* ShellScript */,
			);
			buildRules = (
			);
			dependencies = (
			);
			name = LeapMotionOculusKeyboard;
			productName = LeapMotionOculusKeyboard;
			productReference = 43A7E8F618228B6C00710A8C /* LeapMotionOculusKeyboard.app */;
			productType = "com.apple.product-type.application";
		};
/* End PBXNativeTarget section */

/* Begin PBXProject section */
		43A7E8ED18228B6C00710A8C /* Project object */ = {
			isa = PBXProject;
			attributes = {
				LastUpgradeCheck = 0500;
				ORGANIZATIONNAME = "Fachbereich Informatik";
			};
			buildConfigurationList = 43A7E8F018228B6C00710A8C /* Build configuration list for PBXProject "LeapMotionOculusKeyboard" */;
			compatibilityVersion = "Xcode 3.2";
			developmentRegion = English;
			hasScannedForEncodings = 0;
			knownRegions = (
				en,
			);
			mainGroup = 43A7E8EC18228B6C00710A8C;
			productRefGroup = 43A7E8F718228B6C00710A8C /* Products */;
			projectDirPath = "";
			projectRoot = "";
			targets = (
				43A7E8F518228B6C00710A8C /* LeapMotionOculusKeyboard */,
			);
		};
/* End PBXProject section */

/* Begin PBXResourcesBuildPhase section */
		43A7E8F318228B6C00710A8C /* Resources */ = {
			isa = PBXResourcesBuildPhase;
			buildActionMask = 2147483647;
			files = (
				433875141832A48900133FB0 /* lmocShader.frag in Resources */,
				438B0F3C1886B7410064D010 /* postShader.vert in Resources */,
				438B0F3B1886B7410064D010 /* postShader.frag in Resources */,
				433875151832A48900133FB0 /* lmocShader.vert in Resources */,
				43BAAA541832741600DAAADF /* Gbuffer.vsh in Resources */,
				43BAAA531832741600DAAADF /* Gbuffer.fsh in Resources */,
				43BAAA5C1832741600DAAADF /* palm.obj in Resources */,
				433875201832BD8000133FB0 /* palmTex.png in Resources */,
				43BAAA5B1832741600DAAADF /* nice_music.ogg in Resources */,
				43BAAA571832741600DAAADF /* keyboardTex.png in Resources */,
				43BAAA521832741600DAAADF /* fingertip.obj in Resources */,
				43BAAA601832741600DAAADF /* stan0757.ttf in Resources */,
				43BAAA551832741600DAAADF /* icon.png in Resources */,
				43BAAA511832741600DAAADF /* cute_image.jpg in Resources */,
				43BAAA5D1832741600DAAADF /* sansation.ttf in Resources */,
				43BAAA561832741600DAAADF /* keyboard.obj in Resources */,
				43BAAA581832741600DAAADF /* keyboardTexCaps.png in Resources */,
				4338751F1832BD8000133FB0 /* fingerTex.png in Resources */,
			);
			runOnlyForDeploymentPostprocessing = 0;
		};
/* End PBXResourcesBuildPhase section */

/* Begin PBXShellScriptBuildPhase section */
		43A7E8F418228B6C00710A8C /* ShellScript */ = {
			isa = PBXShellScriptBuildPhase;
			buildActionMask = 2147483647;
			files = (
			);
			inputPaths = (
			);
			outputPaths = (
			);
			runOnlyForDeploymentPostprocessing = 0;
			shellPath = /bin/sh;
			shellScript = "# This shell script simply copies required sfml dylibs/frameworks into the application bundle frameworks folder.\n# If you're using static libraries (which is not recommended) you should remove this script from your project.\n\n# Are we building a project that uses framework or dylibs ?\ncase \"$SFML_BINARY_TYPE\" in\n    DYLIBS)\n        frameworks=\"false\"\n        ;;\n    *)\n        frameworks=\"true\"\n        ;;\nesac\n\n# Echoes to stderr\nerror () # $* message to display\n{\n    echo $* 1>&2\n    exit 2\n}\n\nassert () # $1 is a boolean, $2...N is an error message\n{\n    if [ $# -lt 2 ]\n    then\n        error \"Internal error in assert : not enough args\"\n    fi\n\n    if [ $1 -ne 0 ]\n    then\n        shift\n        error \"$*\"\n    fi\n}\n\nforce_remove () # $1 is a path\n{\n    test $# -eq 1\n    assert $? \"force_remove() requires one parameter\"\n    rm -fr \"$1\"\n    assert $? \"couldn't remove $1\"\n}\n\ncopy () # $1 is a source, $2 is a destination\n{\n    test $# -eq 2\n    assert $? \"copy() requires two parameters\"\n    ditto \"$1\" \"$2\"\n    assert $? \"couldn't copy $1 to $2\"\n}\n\nrequire () # $1 is a SFML module like 'system' or 'audio'\n{\n    dest=\"$BUILT_PRODUCTS_DIR/$PRODUCT_NAME.app/Contents/Frameworks\"\n\n    if [ -z \"$1\" ]\n    then\n        error \"require() requires one parameter!\"\n    else\n        # clean potentially old stuff\n        force_remove \"$dest/libsfml-$1.2.dylib\"\n        force_remove \"$dest/libsfml-$1-d.2.dylib\"\n        force_remove \"$dest/sfml-$1.framework\"\n\n        # copy SFML libraries\n        if [ \"$frameworks\" = \"true\" ]\n        then\n            copy \"/Library/Frameworks/sfml-$1.framework\" \"$dest/sfml-$1.framework\"\n        elif [ \"$SFML_LINK_DYLIBS_SUFFIX\" = \"-d\" ]\n        then\n            copy \"/usr/local/lib/libsfml-$1-d.2.dylib\" \"$dest/libsfml-$1-d.2.dylib\"\n        else\n            copy \"/usr/local/lib/libsfml-$1.2.dylib\" \"$dest/libsfml-$1.2.dylib\"\n        fi\n\n        if [ \"$1\" = \"audio\" ]\n        then\n            # copy sndfile framework too\n            copy \"/Library/Frameworks/sndfile.framework\" \"$dest/sndfile.framework\"\n        fi\n\n        if [ \"$1\" = \"graphics\" ]\n        then\n            # copy freetype framework too\n            copy \"/Library/Frameworks/freetype.framework\" \"$dest/freetype.framework\"\n        fi\n    fi\n}\n\nif [ -n \"$SFML_SYSTEM\" ]\nthen\n    require \"system\"\nfi\n\nif [ -n \"$SFML_AUDIO\" ]\nthen\n    require \"audio\"\nfi\n\nif [ -n \"$SFML_NETWORK\" ]\nthen\n    require \"network\"\nfi\n\nif [ -n \"$SFML_WINDOW\" ]\nthen\n    require \"window\"\nfi\n\nif [ -n \"$SFML_GRAPHICS\" ]\nthen\n    require \"graphics\"\nfi\n\nforce_remove \"$dest/libLeap.dylib\"\ncopy \"Libs/LeapDeveloperKit_release_mac_1.0.8+7665/LeapSDK/lib/libLeap.dylib\" \"$dest/../MacOS/libLeap.dylib\"\n";
		};
/* End PBXShellScriptBuildPhase section */

/* Begin PBXSourcesBuildPhase section */
		43A7E8F118228B6C00710A8C /* Sources */ = {
			isa = PBXSourcesBuildPhase;
			buildActionMask = 2147483647;
			files = (
				43BAAA6F1832744700DAAADF /* LeapListener.cpp in Sources */,
				43BAAA731832744700DAAADF /* ResourcePath.mm in Sources */,
				43BAAA711832744700DAAADF /* main.cpp in Sources */,
				4376140A1884C4AE009F80C7 /* CamOVR.cpp in Sources */,
				43BAAA701832744700DAAADF /* LMOC.cpp in Sources */,
				43E3B6BE18605BCF0038FC75 /* Shader.cpp in Sources */,
				4338751B1832AC8700133FB0 /* Matrices.cpp in Sources */,
				43BAAA6E1832744700DAAADF /* Cam.cpp in Sources */,
			);
			runOnlyForDeploymentPostprocessing = 0;
		};
/* End PBXSourcesBuildPhase section */

/* Begin XCBuildConfiguration section */
		43A7E90918228B6C00710A8C /* Debug */ = {
			isa = XCBuildConfiguration;
			buildSettings = {
				ARCHS = "$(ARCHS_STANDARD_32_64_BIT)";
				CLANG_CXX_LANGUAGE_STANDARD = "c++0x";
				CLANG_CXX_LIBRARY = "libc++";
				CLANG_WARN_EMPTY_BODY = YES;
				CLANG_WARN__DUPLICATE_METHOD_MATCH = YES;
				FRAMEWORK_SEARCH_PATHS = (
					/Library/Frameworks/,
					"$(inherited)",
				);
				GCC_ENABLE_CPP_RTTI = NO;
				GCC_OPTIMIZATION_LEVEL = 0;
				GCC_PREPROCESSOR_DEFINITIONS = (
					"DEBUG=1",
					"$(inherited)",
				);
				GCC_VERSION = com.apple.compilers.llvm.clang.1_0;
				GCC_WARN_ABOUT_RETURN_TYPE = YES;
				GCC_WARN_UNINITIALIZED_AUTOS = YES;
				GCC_WARN_UNUSED_VARIABLE = YES;
				HEADER_SEARCH_PATHS = (
					/usr/local/include/,
					"$(inherited)",
					Libs/ovr_sdk_macos_0.2.5c/OculusSDK/LibOVR/Include,
					Libs/ovr_sdk_macos_0.2.5c/OculusSDK/LibOVR/Src,
					Libs/gli,
					Libs/glm,
					Libs/glm/glc,
				);
				LIBRARY_SEARCH_PATHS = (
					/usr/local/lib/,
					"$(inherited)",
					"Libs/LeapDeveloperKit_release_mac_1.0.8+7665/LeapSDK/lib/",
				);
				ONLY_ACTIVE_ARCH = NO;
				OTHER_LDFLAGS = (
					"$(inherited)",
					"$(SFML_SYSTEM)",
					"$(SFML_WINDOW)",
					"$(SFML_GRAPHICS)",
					"$(SFML_AUDIO)",
					"$(SFML_NETWORK)",
				);
				SFML_AUDIO = "$(SFML_LINK_PREFIX) sfml-audio$(SFML_LINK_SUFFIX)";
				SFML_BINARY_TYPE = FRAMEWORKS;
				SFML_GRAPHICS = "$(SFML_LINK_PREFIX) sfml-graphics$(SFML_LINK_SUFFIX)";
				SFML_LINK_DYLIBS_PREFIX = "-l";
				SFML_LINK_DYLIBS_SUFFIX = "";
				SFML_LINK_FRAMEWORKS_PREFIX = "-framework";
				SFML_LINK_FRAMEWORKS_SUFFIX = "";
				SFML_LINK_PREFIX = "$(SFML_LINK_$(SFML_BINARY_TYPE)_PREFIX)";
				SFML_LINK_SUFFIX = "$(SFML_LINK_$(SFML_BINARY_TYPE)_SUFFIX)";
				SFML_NETWORK = "$(SFML_LINK_PREFIX) sfml-network$(SFML_LINK_SUFFIX)";
				SFML_SYSTEM = "$(SFML_LINK_PREFIX) sfml-system$(SFML_LINK_SUFFIX)";
				SFML_WINDOW = "$(SFML_LINK_PREFIX) sfml-window$(SFML_LINK_SUFFIX)";
				SUPPORTED_PLATFORMS = macosx;
			};
			name = Debug;
		};
		43A7E90A18228B6C00710A8C /* Release */ = {
			isa = XCBuildConfiguration;
			buildSettings = {
				ARCHS = "$(ARCHS_STANDARD_32_64_BIT)";
				CLANG_CXX_LANGUAGE_STANDARD = "c++0x";
				CLANG_CXX_LIBRARY = "libc++";
				CLANG_WARN_EMPTY_BODY = YES;
				CLANG_WARN__DUPLICATE_METHOD_MATCH = YES;
				COPY_PHASE_STRIP = YES;
				FRAMEWORK_SEARCH_PATHS = (
					/Library/Frameworks/,
					"$(inherited)",
				);
				GCC_ENABLE_CPP_RTTI = NO;
				GCC_VERSION = com.apple.compilers.llvm.clang.1_0;
				GCC_WARN_ABOUT_RETURN_TYPE = YES;
				GCC_WARN_UNINITIALIZED_AUTOS = YES;
				GCC_WARN_UNUSED_VARIABLE = YES;
				HEADER_SEARCH_PATHS = (
					/usr/local/include/,
					"$(inherited)",
					Libs/ovr_sdk_macos_0.2.5c/OculusSDK/LibOVR/Include,
					Libs/ovr_sdk_macos_0.2.5c/OculusSDK/LibOVR/Src,
					Libs/gli,
					Libs/glm,
					Libs/glm/glc,
				);
				LIBRARY_SEARCH_PATHS = (
					/usr/local/lib/,
					"$(inherited)",
					"Libs/LeapDeveloperKit_release_mac_1.0.8+7665/LeapSDK/lib/",
				);
				ONLY_ACTIVE_ARCH = NO;
				OTHER_LDFLAGS = (
					"$(inherited)",
					"$(SFML_SYSTEM)",
					"$(SFML_WINDOW)",
					"$(SFML_GRAPHICS)",
					"$(SFML_AUDIO)",
					"$(SFML_NETWORK)",
				);
				SFML_AUDIO = "$(SFML_LINK_PREFIX) sfml-audio$(SFML_LINK_SUFFIX)";
				SFML_BINARY_TYPE = FRAMEWORKS;
				SFML_GRAPHICS = "$(SFML_LINK_PREFIX) sfml-graphics$(SFML_LINK_SUFFIX)";
				SFML_LINK_DYLIBS_PREFIX = "-l";
				SFML_LINK_DYLIBS_SUFFIX = "";
				SFML_LINK_FRAMEWORKS_PREFIX = "-framework";
				SFML_LINK_FRAMEWORKS_SUFFIX = "";
				SFML_LINK_PREFIX = "$(SFML_LINK_$(SFML_BINARY_TYPE)_PREFIX)";
				SFML_LINK_SUFFIX = "$(SFML_LINK_$(SFML_BINARY_TYPE)_SUFFIX)";
				SFML_NETWORK = "$(SFML_LINK_PREFIX) sfml-network$(SFML_LINK_SUFFIX)";
				SFML_SYSTEM = "$(SFML_LINK_PREFIX) sfml-system$(SFML_LINK_SUFFIX)";
				SFML_WINDOW = "$(SFML_LINK_PREFIX) sfml-window$(SFML_LINK_SUFFIX)";
				SUPPORTED_PLATFORMS = macosx;
			};
			name = Release;
		};
		43A7E90C18228B6C00710A8C /* Debug */ = {
			isa = XCBuildConfiguration;
			buildSettings = {
				HEADER_SEARCH_PATHS = (
					/usr/local/include/,
					"$(inherited)",
					Libs/ovr_sdk_macos_0.2.5c/OculusSDK/LibOVR/Include,
					Libs/ovr_sdk_macos_0.2.5c/OculusSDK/LibOVR/Src,
					Libs/gli,
					Libs/glm,
					Libs/glm/glc,
				);
				INFOPLIST_FILE = "LeapMotionOculusKeyboard/LeapMotionOculusKeyboard-Info.plist";
				LIBRARY_SEARCH_PATHS = (
					"$(inherited)",
					"/Users/fredflugge/Documents/Informatik/Aktuell\\ belegt/COGR\\ -\\ \\ Computer\\ Graphik/projekt/LeapMotionOculusKeyboard/Libs/ovr_sdk_macos_0.2.5c/OculusSDK/LibOVR/Lib/MacOS/Debug",
					"/Users/fredflugge/Documents/Informatik/Aktuell\\ belegt/COGR\\ -\\ \\ Computer\\ Graphik/projekt/LeapMotionOculusKeyboard/Libs/ovr_sdk_macos_0.2.5c/OculusSDK/LibOVR/Lib/MacOS/Release",
				);
				PRODUCT_NAME = "$(TARGET_NAME)";
			};
			name = Debug;
		};
		43A7E90D18228B6C00710A8C /* Release */ = {
			isa = XCBuildConfiguration;
			buildSettings = {
				HEADER_SEARCH_PATHS = (
					/usr/local/include/,
					"$(inherited)",
					Libs/ovr_sdk_macos_0.2.5c/OculusSDK/LibOVR/Include,
					Libs/ovr_sdk_macos_0.2.5c/OculusSDK/LibOVR/Src,
					Libs/gli,
					Libs/glm,
					Libs/glm/glc,
				);
				INFOPLIST_FILE = "LeapMotionOculusKeyboard/LeapMotionOculusKeyboard-Info.plist";
				LIBRARY_SEARCH_PATHS = (
					"$(inherited)",
					"/Users/fredflugge/Documents/Informatik/Aktuell\\ belegt/COGR\\ -\\ \\ Computer\\ Graphik/projekt/LeapMotionOculusKeyboard/Libs/ovr_sdk_macos_0.2.5c/OculusSDK/LibOVR/Lib/MacOS/Debug",
					"/Users/fredflugge/Documents/Informatik/Aktuell\\ belegt/COGR\\ -\\ \\ Computer\\ Graphik/projekt/LeapMotionOculusKeyboard/Libs/ovr_sdk_macos_0.2.5c/OculusSDK/LibOVR/Lib/MacOS/Release",
				);
				PRODUCT_NAME = "$(TARGET_NAME)";
			};
			name = Release;
		};
/* End XCBuildConfiguration section */

/* Begin XCConfigurationList section */
		43A7E8F018228B6C00710A8C /* Build configuration list for PBXProject "LeapMotionOculusKeyboard" */ = {
			isa = XCConfigurationList;
			buildConfigurations = (
				43A7E90918228B6C00710A8C /* Debug */,
				43A7E90A18228B6C00710A8C /* Release */,
			);
			defaultConfigurationIsVisible = 0;
			defaultConfigurationName = Release;
		};
		43A7E90B18228B6C00710A8C /* Build configuration list for PBXNativeTarget "LeapMotionOculusKeyboard" */ = {
			isa = XCConfigurationList;
			buildConfigurations = (
				43A7E90C18228B6C00710A8C /* Debug */,
				43A7E90D18228B6C00710A8C /* Release */,
			);
			defaultConfigurationIsVisible = 0;
			defaultConfigurationName = Release;
		};
/* End XCConfigurationList section */
	};
	rootObject = 43A7E8ED18228B6C00710A8C /* Project object */;
}
