// !$*UTF8*$!
{
	archiveVersion = 1;
	classes = {
	};
	objectVersion = 46;
	objects = {

/* Begin PBXBuildFile section */
		4322D174183079600066FF8B /* keyboard.fm in Resources */ = {isa = PBXBuildFile; fileRef = 4322D173183079600066FF8B /* keyboard.fm */; };
		4322D1791830B6050066FF8B /* minimal.frag in Resources */ = {isa = PBXBuildFile; fileRef = 4322D1751830B5910066FF8B /* minimal.frag */; };
		4322D17A1830B6050066FF8B /* minimal.vert in Resources */ = {isa = PBXBuildFile; fileRef = 4322D1761830B5910066FF8B /* minimal.vert */; };
		432F337D18306BD7001016B4 /* OpenGL.framework in Frameworks */ = {isa = PBXBuildFile; fileRef = 432F337C18306BD7001016B4 /* OpenGL.framework */; };
		434515571830F38000DCDB95 /* Gbuffer.fsh in Resources */ = {isa = PBXBuildFile; fileRef = 434515531830F36700DCDB95 /* Gbuffer.fsh */; };
		434515581830F38000DCDB95 /* Gbuffer.vsh in Resources */ = {isa = PBXBuildFile; fileRef = 434515541830F36700DCDB95 /* Gbuffer.vsh */; };
		434515591830F38000DCDB95 /* Screen.fsh in Resources */ = {isa = PBXBuildFile; fileRef = 4345154F1830F35800DCDB95 /* Screen.fsh */; };
		4345155A1830F38000DCDB95 /* Screen.vsh in Resources */ = {isa = PBXBuildFile; fileRef = 434515501830F35800DCDB95 /* Screen.vsh */; };
		434BA85C18303ACD00CA9D3A /* keyboard.mtl in Resources */ = {isa = PBXBuildFile; fileRef = 434BA85818303ACC00CA9D3A /* keyboard.mtl */; };
		434BA85D18303ACD00CA9D3A /* keyboard.obj in Resources */ = {isa = PBXBuildFile; fileRef = 434BA85918303ACD00CA9D3A /* keyboard.obj */; };
		434BA85E18303ACD00CA9D3A /* keyboardTex.png in Resources */ = {isa = PBXBuildFile; fileRef = 434BA85A18303ACD00CA9D3A /* keyboardTex.png */; };
		434BA85F18303ACD00CA9D3A /* keyboardTexCaps.png in Resources */ = {isa = PBXBuildFile; fileRef = 434BA85B18303ACD00CA9D3A /* keyboardTexCaps.png */; };
		438779FB182AC9C400A39B01 /* libLeap.dylib in Frameworks */ = {isa = PBXBuildFile; fileRef = 431DCF331827C215005094A5 /* libLeap.dylib */; };
		43A7E8FC18228B6C00710A8C /* ResourcePath.mm in Sources */ = {isa = PBXBuildFile; fileRef = 43A7E8FB18228B6C00710A8C /* ResourcePath.mm */; };
		43A7E8FF18228B6C00710A8C /* main.cpp in Sources */ = {isa = PBXBuildFile; fileRef = 43A7E8FE18228B6C00710A8C /* main.cpp */; };
		43A7E90218228B6C00710A8C /* cute_image.jpg in Resources */ = {isa = PBXBuildFile; fileRef = 43A7E90118228B6C00710A8C /* cute_image.jpg */; };
		43A7E90418228B6C00710A8C /* nice_music.ogg in Resources */ = {isa = PBXBuildFile; fileRef = 43A7E90318228B6C00710A8C /* nice_music.ogg */; };
		43A7E90618228B6C00710A8C /* sansation.ttf in Resources */ = {isa = PBXBuildFile; fileRef = 43A7E90518228B6C00710A8C /* sansation.ttf */; };
		43A7E90818228B6C00710A8C /* icon.png in Resources */ = {isa = PBXBuildFile; fileRef = 43A7E90718228B6C00710A8C /* icon.png */; };
		43DD4EF6182F25EA005DA23B /* LMOC.cpp in Sources */ = {isa = PBXBuildFile; fileRef = 43DD4EF3182DD923005DA23B /* LMOC.cpp */; };
		43DD4EF8182F295D005DA23B /* LeapListener.cpp in Sources */ = {isa = PBXBuildFile; fileRef = 43DD4EF7182F295D005DA23B /* LeapListener.cpp */; };
		43DD4EFA18302B40005DA23B /* stan0757.ttf in Resources */ = {isa = PBXBuildFile; fileRef = 43DD4EF918302B40005DA23B /* stan0757.ttf */; };
/* End PBXBuildFile section */

/* Begin PBXFileReference section */
		431DCF331827C215005094A5 /* libLeap.dylib */ = {isa = PBXFileReference; lastKnownFileType = "compiled.mach-o.dylib"; name = libLeap.dylib; path = "../LeapDeveloperKit_release_mac_1.0.8+7665/LeapSDK/lib/libLeap.dylib"; sourceTree = "<group>"; };
		4322D173183079600066FF8B /* keyboard.fm */ = {isa = PBXFileReference; fileEncoding = 4; lastKnownFileType = text; name = keyboard.fm; path = KeyboardModel/keyboard.fm; sourceTree = "<group>"; };
		4322D1751830B5910066FF8B /* minimal.frag */ = {isa = PBXFileReference; fileEncoding = 4; lastKnownFileType = sourcecode.glsl; path = minimal.frag; sourceTree = "<group>"; };
		4322D1761830B5910066FF8B /* minimal.vert */ = {isa = PBXFileReference; fileEncoding = 4; lastKnownFileType = sourcecode.glsl; path = minimal.vert; sourceTree = "<group>"; };
		432F337C18306BD7001016B4 /* OpenGL.framework */ = {isa = PBXFileReference; lastKnownFileType = wrapper.framework; name = OpenGL.framework; path = System/Library/Frameworks/OpenGL.framework; sourceTree = SDKROOT; };
		4345154F1830F35800DCDB95 /* Screen.fsh */ = {isa = PBXFileReference; fileEncoding = 4; lastKnownFileType = sourcecode.glsl; path = Screen.fsh; sourceTree = "<group>"; };
		434515501830F35800DCDB95 /* Screen.vsh */ = {isa = PBXFileReference; fileEncoding = 4; lastKnownFileType = sourcecode.glsl; path = Screen.vsh; sourceTree = "<group>"; };
		434515531830F36700DCDB95 /* Gbuffer.fsh */ = {isa = PBXFileReference; fileEncoding = 4; lastKnownFileType = sourcecode.glsl; path = Gbuffer.fsh; sourceTree = "<group>"; };
		434515541830F36700DCDB95 /* Gbuffer.vsh */ = {isa = PBXFileReference; fileEncoding = 4; lastKnownFileType = sourcecode.glsl; path = Gbuffer.vsh; sourceTree = "<group>"; };
		434BA85818303ACC00CA9D3A /* keyboard.mtl */ = {isa = PBXFileReference; fileEncoding = 4; lastKnownFileType = text; name = keyboard.mtl; path = KeyboardModel/keyboard.mtl; sourceTree = "<group>"; };
		434BA85918303ACD00CA9D3A /* keyboard.obj */ = {isa = PBXFileReference; fileEncoding = 4; lastKnownFileType = text; name = keyboard.obj; path = KeyboardModel/keyboard.obj; sourceTree = "<group>"; };
		434BA85A18303ACD00CA9D3A /* keyboardTex.png */ = {isa = PBXFileReference; lastKnownFileType = image.png; name = keyboardTex.png; path = KeyboardModel/keyboardTex.png; sourceTree = "<group>"; };
		434BA85B18303ACD00CA9D3A /* keyboardTexCaps.png */ = {isa = PBXFileReference; lastKnownFileType = image.png; name = keyboardTexCaps.png; path = KeyboardModel/keyboardTexCaps.png; sourceTree = "<group>"; };
		438779F7182AC82A00A39B01 /* Leap.h */ = {isa = PBXFileReference; fileEncoding = 4; lastKnownFileType = sourcecode.c.h; path = Leap.h; sourceTree = "<group>"; };
		438779F8182AC82A00A39B01 /* LeapMath.h */ = {isa = PBXFileReference; fileEncoding = 4; lastKnownFileType = sourcecode.c.h; path = LeapMath.h; sourceTree = "<group>"; };
		438779F9182AC82A00A39B01 /* LeapListener.h */ = {isa = PBXFileReference; fileEncoding = 4; lastKnownFileType = sourcecode.c.h; path = LeapListener.h; sourceTree = "<group>"; };
		43A7E8F618228B6C00710A8C /* LeapMotionOculusKeyboard.app */ = {isa = PBXFileReference; explicitFileType = wrapper.application; includeInIndex = 0; path = LeapMotionOculusKeyboard.app; sourceTree = BUILT_PRODUCTS_DIR; };
		43A7E8FA18228B6C00710A8C /* LeapMotionOculusKeyboard-Info.plist */ = {isa = PBXFileReference; lastKnownFileType = text.plist.xml; path = "LeapMotionOculusKeyboard-Info.plist"; sourceTree = "<group>"; };
		43A7E8FB18228B6C00710A8C /* ResourcePath.mm */ = {isa = PBXFileReference; lastKnownFileType = sourcecode.cpp.objcpp; path = ResourcePath.mm; sourceTree = "<group>"; };
		43A7E8FD18228B6C00710A8C /* ResourcePath.hpp */ = {isa = PBXFileReference; lastKnownFileType = sourcecode.cpp.h; path = ResourcePath.hpp; sourceTree = "<group>"; };
		43A7E8FE18228B6C00710A8C /* main.cpp */ = {isa = PBXFileReference; lastKnownFileType = sourcecode.cpp.cpp; path = main.cpp; sourceTree = "<group>"; };
		43A7E90118228B6C00710A8C /* cute_image.jpg */ = {isa = PBXFileReference; lastKnownFileType = image.jpeg; path = cute_image.jpg; sourceTree = "<group>"; };
		43A7E90318228B6C00710A8C /* nice_music.ogg */ = {isa = PBXFileReference; lastKnownFileType = file; path = nice_music.ogg; sourceTree = "<group>"; };
		43A7E90518228B6C00710A8C /* sansation.ttf */ = {isa = PBXFileReference; lastKnownFileType = file; path = sansation.ttf; sourceTree = "<group>"; };
		43A7E90718228B6C00710A8C /* icon.png */ = {isa = PBXFileReference; lastKnownFileType = image.png; path = icon.png; sourceTree = "<group>"; };
		43DD4EF3182DD923005DA23B /* LMOC.cpp */ = {isa = PBXFileReference; fileEncoding = 4; lastKnownFileType = sourcecode.cpp.cpp; path = LMOC.cpp; sourceTree = "<group>"; };
		43DD4EF4182DD923005DA23B /* LMOC.h */ = {isa = PBXFileReference; fileEncoding = 4; lastKnownFileType = sourcecode.c.h; path = LMOC.h; sourceTree = "<group>"; };
		43DD4EF7182F295D005DA23B /* LeapListener.cpp */ = {isa = PBXFileReference; fileEncoding = 4; lastKnownFileType = sourcecode.cpp.cpp; path = LeapListener.cpp; sourceTree = "<group>"; };
		43DD4EF918302B40005DA23B /* stan0757.ttf */ = {isa = PBXFileReference; lastKnownFileType = file; path = stan0757.ttf; sourceTree = "<group>"; };
/* End PBXFileReference section */

/* Begin PBXFrameworksBuildPhase section */
		43A7E8F218228B6C00710A8C /* Frameworks */ = {
			isa = PBXFrameworksBuildPhase;
			buildActionMask = 2147483647;
			files = (
				432F337D18306BD7001016B4 /* OpenGL.framework in Frameworks */,
				438779FB182AC9C400A39B01 /* libLeap.dylib in Frameworks */,
			);
			runOnlyForDeploymentPostprocessing = 0;
		};
/* End PBXFrameworksBuildPhase section */

/* Begin PBXGroup section */
		431DCF361827CA2E005094A5 /* LeapStuff */ = {
			isa = PBXGroup;
			children = (
				43DD4EF7182F295D005DA23B /* LeapListener.cpp */,
				438779F7182AC82A00A39B01 /* Leap.h */,
				438779F8182AC82A00A39B01 /* LeapMath.h */,
				438779F9182AC82A00A39B01 /* LeapListener.h */,
			);
			name = LeapStuff;
			sourceTree = "<group>";
		};
		434BA86018303AD800CA9D3A /* KeyboardModel */ = {
			isa = PBXGroup;
			children = (
				4322D173183079600066FF8B /* keyboard.fm */,
				434BA85818303ACC00CA9D3A /* keyboard.mtl */,
				434BA85918303ACD00CA9D3A /* keyboard.obj */,
				434BA85A18303ACD00CA9D3A /* keyboardTex.png */,
				434BA85B18303ACD00CA9D3A /* keyboardTexCaps.png */,
			);
			name = KeyboardModel;
			sourceTree = "<group>";
		};
		43A7E8EC18228B6C00710A8C = {
			isa = PBXGroup;
			children = (
				432F337C18306BD7001016B4 /* OpenGL.framework */,
				43A7E8F818228B6C00710A8C /* LeapMotionOculusKeyboard */,
				43A7E8F718228B6C00710A8C /* Products */,
			);
			sourceTree = "<group>";
		};
		43A7E8F718228B6C00710A8C /* Products */ = {
			isa = PBXGroup;
			children = (
				43A7E8F618228B6C00710A8C /* LeapMotionOculusKeyboard.app */,
			);
			name = Products;
			sourceTree = "<group>";
		};
		43A7E8F818228B6C00710A8C /* LeapMotionOculusKeyboard */ = {
			isa = PBXGroup;
			children = (
				43DD4EF2182DD8E7005DA23B /* System */,
				431DCF361827CA2E005094A5 /* LeapStuff */,
				43A7E90018228B6C00710A8C /* Resources */,
				43A7E8F918228B6C00710A8C /* Supporting Files */,
			);
			path = LeapMotionOculusKeyboard;
			sourceTree = "<group>";
		};
		43A7E8F918228B6C00710A8C /* Supporting Files */ = {
			isa = PBXGroup;
			children = (
				43A7E8FA18228B6C00710A8C /* LeapMotionOculusKeyboard-Info.plist */,
			);
			name = "Supporting Files";
			sourceTree = "<group>";
		};
		43A7E90018228B6C00710A8C /* Resources */ = {
			isa = PBXGroup;
			children = (
				434515531830F36700DCDB95 /* Gbuffer.fsh */,
				434515541830F36700DCDB95 /* Gbuffer.vsh */,
				4345154F1830F35800DCDB95 /* Screen.fsh */,
				434515501830F35800DCDB95 /* Screen.vsh */,
				4322D1751830B5910066FF8B /* minimal.frag */,
				4322D1761830B5910066FF8B /* minimal.vert */,
				434BA86018303AD800CA9D3A /* KeyboardModel */,
				43DD4EF918302B40005DA23B /* stan0757.ttf */,
				43A7E90118228B6C00710A8C /* cute_image.jpg */,
				43A7E90318228B6C00710A8C /* nice_music.ogg */,
				431DCF331827C215005094A5 /* libLeap.dylib */,
				43A7E90518228B6C00710A8C /* sansation.ttf */,
				43A7E90718228B6C00710A8C /* icon.png */,
			);
			name = Resources;
			sourceTree = "<group>";
		};
		43DD4EF2182DD8E7005DA23B /* System */ = {
			isa = PBXGroup;
			children = (
				43A7E8FB18228B6C00710A8C /* ResourcePath.mm */,
				43A7E8FD18228B6C00710A8C /* ResourcePath.hpp */,
				43A7E8FE18228B6C00710A8C /* main.cpp */,
				43DD4EF3182DD923005DA23B /* LMOC.cpp */,
				43DD4EF4182DD923005DA23B /* LMOC.h */,
			);
			name = System;
			sourceTree = "<group>";
		};
/* End PBXGroup section */

/* Begin PBXNativeTarget section */
		43A7E8F518228B6C00710A8C /* LeapMotionOculusKeyboard */ = {
			isa = PBXNativeTarget;
			buildConfigurationList = 43A7E90B18228B6C00710A8C /* Build configuration list for PBXNativeTarget "LeapMotionOculusKeyboard" */;
			buildPhases = (
				43A7E8F118228B6C00710A8C /* Sources */,
				43A7E8F218228B6C00710A8C /* Frameworks */,
				43A7E8F318228B6C00710A8C /* Resources */,
				43A7E8F418228B6C00710A8C /* ShellScript */,
			);
			buildRules = (
			);
			dependencies = (
			);
			name = LeapMotionOculusKeyboard;
			productName = LeapMotionOculusKeyboard;
			productReference = 43A7E8F618228B6C00710A8C /* LeapMotionOculusKeyboard.app */;
			productType = "com.apple.product-type.application";
		};
/* End PBXNativeTarget section */

/* Begin PBXProject section */
		43A7E8ED18228B6C00710A8C /* Project object */ = {
			isa = PBXProject;
			attributes = {
				LastUpgradeCheck = 0500;
				ORGANIZATIONNAME = "Fachbereich Informatik";
			};
			buildConfigurationList = 43A7E8F018228B6C00710A8C /* Build configuration list for PBXProject "LeapMotionOculusKeyboard" */;
			compatibilityVersion = "Xcode 3.2";
			developmentRegion = English;
			hasScannedForEncodings = 0;
			knownRegions = (
				en,
			);
			mainGroup = 43A7E8EC18228B6C00710A8C;
			productRefGroup = 43A7E8F718228B6C00710A8C /* Products */;
			projectDirPath = "";
			projectRoot = "";
			targets = (
				43A7E8F518228B6C00710A8C /* LeapMotionOculusKeyboard */,
			);
		};
/* End PBXProject section */

/* Begin PBXResourcesBuildPhase section */
		43A7E8F318228B6C00710A8C /* Resources */ = {
			isa = PBXResourcesBuildPhase;
			buildActionMask = 2147483647;
			files = (
				434515571830F38000DCDB95 /* Gbuffer.fsh in Resources */,
				434515581830F38000DCDB95 /* Gbuffer.vsh in Resources */,
				434515591830F38000DCDB95 /* Screen.fsh in Resources */,
				4345155A1830F38000DCDB95 /* Screen.vsh in Resources */,
				4322D1791830B6050066FF8B /* minimal.frag in Resources */,
				4322D17A1830B6050066FF8B /* minimal.vert in Resources */,
				434BA85C18303ACD00CA9D3A /* keyboard.mtl in Resources */,
				43A7E90818228B6C00710A8C /* icon.png in Resources */,
				43A7E90618228B6C00710A8C /* sansation.ttf in Resources */,
				434BA85F18303ACD00CA9D3A /* keyboardTexCaps.png in Resources */,
				43A7E90418228B6C00710A8C /* nice_music.ogg in Resources */,
				4322D174183079600066FF8B /* keyboard.fm in Resources */,
				434BA85E18303ACD00CA9D3A /* keyboardTex.png in Resources */,
				43DD4EFA18302B40005DA23B /* stan0757.ttf in Resources */,
				43A7E90218228B6C00710A8C /* cute_image.jpg in Resources */,
				434BA85D18303ACD00CA9D3A /* keyboard.obj in Resources */,
			);
			runOnlyForDeploymentPostprocessing = 0;
		};
/* End PBXResourcesBuildPhase section */

/* Begin PBXShellScriptBuildPhase section */
		43A7E8F418228B6C00710A8C /* ShellScript */ = {
			isa = PBXShellScriptBuildPhase;
			buildActionMask = 2147483647;
			files = (
			);
			inputPaths = (
			);
			outputPaths = (
			);
			runOnlyForDeploymentPostprocessing = 0;
			shellPath = /bin/sh;
			shellScript = "# This shell script simply copies required sfml dylibs/frameworks into the application bundle frameworks folder.\n# If you're using static libraries (which is not recommended) you should remove this script from your project.\n\n# Are we building a project that uses framework or dylibs ?\ncase \"$SFML_BINARY_TYPE\" in\n    DYLIBS)\n        frameworks=\"false\"\n        ;;\n    *)\n        frameworks=\"true\"\n        ;;\nesac\n\n# Echoes to stderr\nerror () # $* message to display\n{\n    echo $* 1>&2\n    exit 2\n}\n\nassert () # $1 is a boolean, $2...N is an error message\n{\n    if [ $# -lt 2 ]\n    then\n        error \"Internal error in assert : not enough args\"\n    fi\n\n    if [ $1 -ne 0 ]\n    then\n        shift\n        error \"$*\"\n    fi\n}\n\nforce_remove () # $1 is a path\n{\n    test $# -eq 1\n    assert $? \"force_remove() requires one parameter\"\n    rm -fr \"$1\"\n    assert $? \"couldn't remove $1\"\n}\n\ncopy () # $1 is a source, $2 is a destination\n{\n    test $# -eq 2\n    assert $? \"copy() requires two parameters\"\n    ditto \"$1\" \"$2\"\n    assert $? \"couldn't copy $1 to $2\"\n}\n\nrequire () # $1 is a SFML module like 'system' or 'audio'\n{\n    dest=\"$BUILT_PRODUCTS_DIR/$PRODUCT_NAME.app/Contents/Frameworks\"\n\n    if [ -z \"$1\" ]\n    then\n        error \"require() requires one parameter!\"\n    else\n        # clean potentially old stuff\n        force_remove \"$dest/libsfml-$1.2.dylib\"\n        force_remove \"$dest/libsfml-$1-d.2.dylib\"\n        force_remove \"$dest/sfml-$1.framework\"\n\n        # copy SFML libraries\n        if [ \"$frameworks\" = \"true\" ]\n        then\n            copy \"/Library/Frameworks/sfml-$1.framework\" \"$dest/sfml-$1.framework\"\n        elif [ \"$SFML_LINK_DYLIBS_SUFFIX\" = \"-d\" ]\n        then\n            copy \"/usr/local/lib/libsfml-$1-d.2.dylib\" \"$dest/libsfml-$1-d.2.dylib\"\n        else\n            copy \"/usr/local/lib/libsfml-$1.2.dylib\" \"$dest/libsfml-$1.2.dylib\"\n        fi\n\n        if [ \"$1\" = \"audio\" ]\n        then\n            # copy sndfile framework too\n            copy \"/Library/Frameworks/sndfile.framework\" \"$dest/sndfile.framework\"\n        fi\n\n        if [ \"$1\" = \"graphics\" ]\n        then\n            # copy freetype framework too\n            copy \"/Library/Frameworks/freetype.framework\" \"$dest/freetype.framework\"\n        fi\n    fi\n}\n\nif [ -n \"$SFML_SYSTEM\" ]\nthen\n    require \"system\"\nfi\n\nif [ -n \"$SFML_AUDIO\" ]\nthen\n    require \"audio\"\nfi\n\nif [ -n \"$SFML_NETWORK\" ]\nthen\n    require \"network\"\nfi\n\nif [ -n \"$SFML_WINDOW\" ]\nthen\n    require \"window\"\nfi\n\nif [ -n \"$SFML_GRAPHICS\" ]\nthen\n    require \"graphics\"\nfi\n\nforce_remove \"$dest/libLeap.dylib\"\ncopy \"LeapDeveloperKit_release_mac_1.0.8+7665/LeapSDK/lib/libLeap.dylib\" \"$dest/../MacOS/libLeap.dylib\"\n";
		};
/* End PBXShellScriptBuildPhase section */

/* Begin PBXSourcesBuildPhase section */
		43A7E8F118228B6C00710A8C /* Sources */ = {
			isa = PBXSourcesBuildPhase;
			buildActionMask = 2147483647;
			files = (
				43DD4EF6182F25EA005DA23B /* LMOC.cpp in Sources */,
				43DD4EF8182F295D005DA23B /* LeapListener.cpp in Sources */,
				43A7E8FF18228B6C00710A8C /* main.cpp in Sources */,
				43A7E8FC18228B6C00710A8C /* ResourcePath.mm in Sources */,
			);
			runOnlyForDeploymentPostprocessing = 0;
		};
/* End PBXSourcesBuildPhase section */

/* Begin XCBuildConfiguration section */
		43A7E90918228B6C00710A8C /* Debug */ = {
			isa = XCBuildConfiguration;
			buildSettings = {
				ARCHS = "$(ARCHS_STANDARD_32_64_BIT)";
				CLANG_CXX_LANGUAGE_STANDARD = "c++0x";
				CLANG_CXX_LIBRARY = "libc++";
				CLANG_WARN_EMPTY_BODY = YES;
				CLANG_WARN__DUPLICATE_METHOD_MATCH = YES;
				FRAMEWORK_SEARCH_PATHS = (
					/Library/Frameworks/,
					"$(inherited)",
				);
				GCC_OPTIMIZATION_LEVEL = 0;
				GCC_PREPROCESSOR_DEFINITIONS = (
					"DEBUG=1",
					"$(inherited)",
				);
				GCC_VERSION = com.apple.compilers.llvm.clang.1_0;
				GCC_WARN_ABOUT_RETURN_TYPE = YES;
				GCC_WARN_UNINITIALIZED_AUTOS = YES;
				GCC_WARN_UNUSED_VARIABLE = YES;
				HEADER_SEARCH_PATHS = (
					/usr/local/include/,
					"$(inherited)",
				);
				LIBRARY_SEARCH_PATHS = (
					/usr/local/lib/,
					"$(inherited)",
				);
				ONLY_ACTIVE_ARCH = NO;
				OTHER_LDFLAGS = (
					"$(inherited)",
					"$(SFML_SYSTEM)",
					"$(SFML_WINDOW)",
					"$(SFML_GRAPHICS)",
					"$(SFML_AUDIO)",
					"$(SFML_NETWORK)",
				);
				SFML_AUDIO = "$(SFML_LINK_PREFIX) sfml-audio$(SFML_LINK_SUFFIX)";
				SFML_BINARY_TYPE = FRAMEWORKS;
				SFML_GRAPHICS = "$(SFML_LINK_PREFIX) sfml-graphics$(SFML_LINK_SUFFIX)";
				SFML_LINK_DYLIBS_PREFIX = "-l";
				SFML_LINK_DYLIBS_SUFFIX = "";
				SFML_LINK_FRAMEWORKS_PREFIX = "-framework";
				SFML_LINK_FRAMEWORKS_SUFFIX = "";
				SFML_LINK_PREFIX = "$(SFML_LINK_$(SFML_BINARY_TYPE)_PREFIX)";
				SFML_LINK_SUFFIX = "$(SFML_LINK_$(SFML_BINARY_TYPE)_SUFFIX)";
				SFML_NETWORK = "$(SFML_LINK_PREFIX) sfml-network$(SFML_LINK_SUFFIX)";
				SFML_SYSTEM = "$(SFML_LINK_PREFIX) sfml-system$(SFML_LINK_SUFFIX)";
				SFML_WINDOW = "$(SFML_LINK_PREFIX) sfml-window$(SFML_LINK_SUFFIX)";
				SUPPORTED_PLATFORMS = macosx;
			};
			name = Debug;
		};
		43A7E90A18228B6C00710A8C /* Release */ = {
			isa = XCBuildConfiguration;
			buildSettings = {
				ARCHS = "$(ARCHS_STANDARD_32_64_BIT)";
				CLANG_CXX_LANGUAGE_STANDARD = "c++0x";
				CLANG_CXX_LIBRARY = "libc++";
				CLANG_WARN_EMPTY_BODY = YES;
				CLANG_WARN__DUPLICATE_METHOD_MATCH = YES;
				COPY_PHASE_STRIP = YES;
				FRAMEWORK_SEARCH_PATHS = (
					/Library/Frameworks/,
					"$(inherited)",
				);
				GCC_VERSION = com.apple.compilers.llvm.clang.1_0;
				GCC_WARN_ABOUT_RETURN_TYPE = YES;
				GCC_WARN_UNINITIALIZED_AUTOS = YES;
				GCC_WARN_UNUSED_VARIABLE = YES;
				HEADER_SEARCH_PATHS = (
					/usr/local/include/,
					"$(inherited)",
				);
				LIBRARY_SEARCH_PATHS = (
					/usr/local/lib/,
					"$(inherited)",
				);
				ONLY_ACTIVE_ARCH = NO;
				OTHER_LDFLAGS = (
					"$(inherited)",
					"$(SFML_SYSTEM)",
					"$(SFML_WINDOW)",
					"$(SFML_GRAPHICS)",
					"$(SFML_AUDIO)",
					"$(SFML_NETWORK)",
				);
				SFML_AUDIO = "$(SFML_LINK_PREFIX) sfml-audio$(SFML_LINK_SUFFIX)";
				SFML_BINARY_TYPE = FRAMEWORKS;
				SFML_GRAPHICS = "$(SFML_LINK_PREFIX) sfml-graphics$(SFML_LINK_SUFFIX)";
				SFML_LINK_DYLIBS_PREFIX = "-l";
				SFML_LINK_DYLIBS_SUFFIX = "";
				SFML_LINK_FRAMEWORKS_PREFIX = "-framework";
				SFML_LINK_FRAMEWORKS_SUFFIX = "";
				SFML_LINK_PREFIX = "$(SFML_LINK_$(SFML_BINARY_TYPE)_PREFIX)";
				SFML_LINK_SUFFIX = "$(SFML_LINK_$(SFML_BINARY_TYPE)_SUFFIX)";
				SFML_NETWORK = "$(SFML_LINK_PREFIX) sfml-network$(SFML_LINK_SUFFIX)";
				SFML_SYSTEM = "$(SFML_LINK_PREFIX) sfml-system$(SFML_LINK_SUFFIX)";
				SFML_WINDOW = "$(SFML_LINK_PREFIX) sfml-window$(SFML_LINK_SUFFIX)";
				SUPPORTED_PLATFORMS = macosx;
			};
			name = Release;
		};
		43A7E90C18228B6C00710A8C /* Debug */ = {
			isa = XCBuildConfiguration;
			buildSettings = {
				INFOPLIST_FILE = "LeapMotionOculusKeyboard/LeapMotionOculusKeyboard-Info.plist";
				LIBRARY_SEARCH_PATHS = (
					"$(inherited)",
					"/Users/fredflugge/Desktop/LeapMotionOculusKeyboard/LeapDeveloperKit_release_mac_1.0.8+7665/LeapSDK/lib",
					"/Users/fredflugge/Documents/Informatik/Aktuell\\ belegt/COGR\\ -\\ \\ Computer\\ Graphik/projekt/LeapMotionOculusKeyboard/LeapDeveloperKit_release_mac_1.0.8+7665/LeapSDK/lib",
				);
				PRODUCT_NAME = "$(TARGET_NAME)";
			};
			name = Debug;
		};
		43A7E90D18228B6C00710A8C /* Release */ = {
			isa = XCBuildConfiguration;
			buildSettings = {
				INFOPLIST_FILE = "LeapMotionOculusKeyboard/LeapMotionOculusKeyboard-Info.plist";
				LIBRARY_SEARCH_PATHS = (
					"$(inherited)",
					"/Users/fredflugge/Desktop/LeapMotionOculusKeyboard/LeapDeveloperKit_release_mac_1.0.8+7665/LeapSDK/lib",
					"/Users/fredflugge/Documents/Informatik/Aktuell\\ belegt/COGR\\ -\\ \\ Computer\\ Graphik/projekt/LeapMotionOculusKeyboard/LeapDeveloperKit_release_mac_1.0.8+7665/LeapSDK/lib",
				);
				PRODUCT_NAME = "$(TARGET_NAME)";
			};
			name = Release;
		};
/* End XCBuildConfiguration section */

/* Begin XCConfigurationList section */
		43A7E8F018228B6C00710A8C /* Build configuration list for PBXProject "LeapMotionOculusKeyboard" */ = {
			isa = XCConfigurationList;
			buildConfigurations = (
				43A7E90918228B6C00710A8C /* Debug */,
				43A7E90A18228B6C00710A8C /* Release */,
			);
			defaultConfigurationIsVisible = 0;
			defaultConfigurationName = Release;
		};
		43A7E90B18228B6C00710A8C /* Build configuration list for PBXNativeTarget "LeapMotionOculusKeyboard" */ = {
			isa = XCConfigurationList;
			buildConfigurations = (
				43A7E90C18228B6C00710A8C /* Debug */,
				43A7E90D18228B6C00710A8C /* Release */,
			);
			defaultConfigurationIsVisible = 0;
			defaultConfigurationName = Release;
		};
/* End XCConfigurationList section */
	};
	rootObject = 43A7E8ED18228B6C00710A8C /* Project object */;
}
